
Microsoft Visual Studio Solution File, Format Version 12.00
# Visual Studio 2012
Project("{8BC9CEB8-8B4A-11D0-8D11-00A0C91BC942}") = "SoundTest", "SoundTest\SoundTest.vcxproj", "{1978F8E0-CB17-4E29-AE47-D6649FEDE682}"
EndProject
Global
	GlobalSection(SolutionConfigurationPlatforms) = preSolution
		Debug|Win32 = Debug|Win32
		Release|Win32 = Release|Win32
	EndGlobalSection
	GlobalSection(ProjectConfigurationPlatforms) = postSolution
		{1978F8E0-CB17-4E29-AE47-D6649FEDE682}.Debug|Win32.ActiveCfg = Debug|Win32
		{1978F8E0-CB17-4E29-AE47-D6649FEDE682}.Debug|Win32.Build.0 = Debug|Win32
		{1978F8E0-CB17-4E29-AE47-D6649FEDE682}.Release|Win32.ActiveCfg = Release|Win32
		{1978F8E0-CB17-4E29-AE47-D6649FEDE682}.Release|Win32.Build.0 = Release|Win32
	EndGlobalSection
	GlobalSection(SolutionProperties) = preSolution
		HideSolutionNode = FALSE
	EndGlobalSection
EndGlobal
